
Microsoft Visual Studio Solution File, Format Version 12.00
# Visual Studio Version 17
VisualStudioVersion = 17.13.35931.197
MinimumVisualStudioVersion = 10.0.40219.1
Project("{FAE04EC0-301F-11D3-BF4B-00C04F79EFBC}") = "eCommerceSolution.OrdersService", "eCommerceSolution.OrdersService\eCommerceSolution.OrdersService.csproj", "{652E4AEF-0DDF-48EF-B445-8D257D2F5FBE}"
EndProject
Project("{FAE04EC0-301F-11D3-BF4B-00C04F79EFBC}") = "BusinessLogicLayer", "BusinessLogicLayer\BusinessLogicLayer.csproj", "{88AFC6E6-C381-456E-B693-3C1D16F16E16}"
EndProject
Project("{FAE04EC0-301F-11D3-BF4B-00C04F79EFBC}") = "DataAccessLayer", "DataAccessLayer\DataAccessLayer.csproj", "{B06542BE-1E99-4377-A7E0-C3CFCE6BDD24}"
EndProject
Project("{E53339B2-1760-4266-BCC7-CA923CBCF16C}") = "docker-compose", "docker-compose.dcproj", "{81DDED9D-158B-E303-5F62-77A2896D2A5A}"
EndProject
Global
	GlobalSection(SolutionConfigurationPlatforms) = preSolution
		Debug|Any CPU = Debug|Any CPU
		Release|Any CPU = Release|Any CPU
	EndGlobalSection
	GlobalSection(ProjectConfigurationPlatforms) = postSolution
		{652E4AEF-0DDF-48EF-B445-8D257D2F5FBE}.Debug|Any CPU.ActiveCfg = Debug|Any CPU
		{652E4AEF-0DDF-48EF-B445-8D257D2F5FBE}.Debug|Any CPU.Build.0 = Debug|Any CPU
		{652E4AEF-0DDF-48EF-B445-8D257D2F5FBE}.Release|Any CPU.ActiveCfg = Release|Any CPU
		{652E4AEF-0DDF-48EF-B445-8D257D2F5FBE}.Release|Any CPU.Build.0 = Release|Any CPU
		{88AFC6E6-C381-456E-B693-3C1D16F16E16}.Debug|Any CPU.ActiveCfg = Debug|Any CPU
		{88AFC6E6-C381-456E-B693-3C1D16F16E16}.Debug|Any CPU.Build.0 = Debug|Any CPU
		{88AFC6E6-C381-456E-B693-3C1D16F16E16}.Release|Any CPU.ActiveCfg = Release|Any CPU
		{88AFC6E6-C381-456E-B693-3C1D16F16E16}.Release|Any CPU.Build.0 = Release|Any CPU
		{B06542BE-1E99-4377-A7E0-C3CFCE6BDD24}.Debug|Any CPU.ActiveCfg = Debug|Any CPU
		{B06542BE-1E99-4377-A7E0-C3CFCE6BDD24}.Debug|Any CPU.Build.0 = Debug|Any CPU
		{B06542BE-1E99-4377-A7E0-C3CFCE6BDD24}.Release|Any CPU.ActiveCfg = Release|Any CPU
		{B06542BE-1E99-4377-A7E0-C3CFCE6BDD24}.Release|Any CPU.Build.0 = Release|Any CPU
		{81DDED9D-158B-E303-5F62-77A2896D2A5A}.Debug|Any CPU.ActiveCfg = Debug|Any CPU
		{81DDED9D-158B-E303-5F62-77A2896D2A5A}.Debug|Any CPU.Build.0 = Debug|Any CPU
		{81DDED9D-158B-E303-5F62-77A2896D2A5A}.Release|Any CPU.ActiveCfg = Release|Any CPU
		{81DDED9D-158B-E303-5F62-77A2896D2A5A}.Release|Any CPU.Build.0 = Release|Any CPU
	EndGlobalSection
	GlobalSection(SolutionProperties) = preSolution
		HideSolutionNode = FALSE
	EndGlobalSection
	GlobalSection(ExtensibilityGlobals) = postSolution
		SolutionGuid = {BC1D9465-70EF-4C80-B343-203E3895BB53}
	EndGlobalSection
EndGlobal
